%{"clint": {:git, "git://github.com/lpil/clint.git", "ee67c0bd10372f00136d6a665741b0ecabc6f506", []},
  "cowboy": {:hex, :cowboy, "1.0.0"},
  "cowlib": {:hex, :cowlib, "1.0.1"},
  "decimal": {:hex, :decimal, "1.1.0"},
  "fs": {:hex, :fs, "0.9.2"},
  "mariaex": {:hex, :mariaex, "0.1.4"},
  "mix_test_watch": {:hex, :mix_test_watch, "0.1.1"},
  "plug": {:hex, :plug, "0.11.3"},
  "porcelain": {:hex, :porcelain, "2.0.0"},
  "ranch": {:hex, :ranch, "1.0.0"},
  "shouldi": {:hex, :shouldi, "0.2.2"}}
